hash: a9d3a3174138047efe0967f6182a97c011a9bf594fef963f844c3bd0a48ea26f
updated: 2016-02-24T07:58:20.437085+02:00
imports:
- name: github.com/bsideup/go-virtualbox
  version: 4d2bec40f651431591dab0191061a7231d9d83f7
- name: github.com/fsouza/go-dockerclient
  version: a49c8269a6899cae30da1f8a4b82e0ce945f9967
  subpackages:
  - external/github.com/docker/docker/opts
  - external/github.com/docker/docker/pkg/archive
  - external/github.com/docker/docker/pkg/fileutils
  - external/github.com/docker/docker/pkg/homedir
  - external/github.com/docker/docker/pkg/stdcopy
  - external/github.com/hashicorp/go-cleanhttp
  - external/github.com/Sirupsen/logrus
  - external/github.com/docker/docker/pkg/idtools
  - external/github.com/docker/docker/pkg/ioutils
  - external/github.com/docker/docker/pkg/pools
  - external/github.com/docker/docker/pkg/promise
  - external/github.com/docker/docker/pkg/system
  - external/github.com/opencontainers/runc/libcontainer/user
  - external/golang.org/x/net/context
devImports: []
